
Microsoft Visual Studio Solution File, Format Version 12.00
# Visual Studio Version 16
VisualStudioVersion = 16.0.29806.167
MinimumVisualStudioVersion = 10.0.40219.1
Project("{FAE04EC0-301F-11D3-BF4B-00C04F79EFBC}") = "Validator", "Validator\Validator.csproj", "{878D8581-5BA3-4FCE-AAB0-72DCA71A9FFD}"
EndProject
Global
	GlobalSection(SolutionConfigurationPlatforms) = preSolution
		Debug|Any CPU = Debug|Any CPU
		Release|Any CPU = Release|Any CPU
	EndGlobalSection
	GlobalSection(ProjectConfigurationPlatforms) = postSolution
		{878D8581-5BA3-4FCE-AAB0-72DCA71A9FFD}.Debug|Any CPU.ActiveCfg = Debug|Any CPU
		{878D8581-5BA3-4FCE-AAB0-72DCA71A9FFD}.Debug|Any CPU.Build.0 = Debug|Any CPU
		{878D8581-5BA3-4FCE-AAB0-72DCA71A9FFD}.Release|Any CPU.ActiveCfg = Release|Any CPU
		{878D8581-5BA3-4FCE-AAB0-72DCA71A9FFD}.Release|Any CPU.Build.0 = Release|Any CPU
	EndGlobalSection
	GlobalSection(SolutionProperties) = preSolution
		HideSolutionNode = FALSE
	EndGlobalSection
	GlobalSection(ExtensibilityGlobals) = postSolution
		SolutionGuid = {A3C1534C-712A-4EC3-A2DE-5CF8EBBB032B}
	EndGlobalSection
EndGlobal
